
Microsoft Visual Studio Solution File, Format Version 12.00
# Visual Studio Version 17
VisualStudioVersion = 17.3.32901.215
MinimumVisualStudioVersion = 10.0.40219.1
Project("{FAE04EC0-301F-11D3-BF4B-00C04F79EFBC}") = "ortalamahesapla", "ortalamahesapla\ortalamahesapla.csproj", "{62B10DAC-265F-4E4F-9B11-7E72B2D7D37C}"
EndProject
Global
	GlobalSection(SolutionConfigurationPlatforms) = preSolution
		Debug|Any CPU = Debug|Any CPU
		Release|Any CPU = Release|Any CPU
	EndGlobalSection
	GlobalSection(ProjectConfigurationPlatforms) = postSolution
		{62B10DAC-265F-4E4F-9B11-7E72B2D7D37C}.Debug|Any CPU.ActiveCfg = Debug|Any CPU
		{62B10DAC-265F-4E4F-9B11-7E72B2D7D37C}.Debug|Any CPU.Build.0 = Debug|Any CPU
		{62B10DAC-265F-4E4F-9B11-7E72B2D7D37C}.Release|Any CPU.ActiveCfg = Release|Any CPU
		{62B10DAC-265F-4E4F-9B11-7E72B2D7D37C}.Release|Any CPU.Build.0 = Release|Any CPU
	EndGlobalSection
	GlobalSection(SolutionProperties) = preSolution
		HideSolutionNode = FALSE
	EndGlobalSection
	GlobalSection(ExtensibilityGlobals) = postSolution
		SolutionGuid = {6C24E300-A341-49EB-852C-26E69C48527E}
	EndGlobalSection
EndGlobal
